# This file was autogenerated by Stack.
# You should not edit this file by hand.
# For more information, please see the documentation at:
#   https://docs.haskellstack.org/en/stable/lock_files

packages:
- completed:
    hackage: rdf4h-3.1.1@sha256:8a9d266a071467040f0acc9b9d95657595048bb32a0111a495badec2f27358c8,4091
    pantry-tree:
      size: 2180
      sha256: e31e2ce95d5e55d54c2182e35c2a09ac68eced7547533ca53e86027bb0d8dd33
  original:
    hackage: rdf4h-3.1.1
- completed:
    hackage: hsparql-0.3.6@sha256:654b8145e1f018b7f2024b16518e43a0c67d635f6b6907ca1c666b840c98ad04,2030
    pantry-tree:
      size: 438
      sha256: 49ac248bde4d0b976c27eb35596f17eec69c2da5cec230ef9ba5cb48922af430
  original:
    hackage: hsparql-0.3.6
- completed:
    hackage: hgal-2.0.0.2@sha256:13d58afd0668b9cb881c612eff8488a0e289edd4bbffa893df4beee60cfeb73b,653
    pantry-tree:
      size: 412
      sha256: 265739e0c2c1313b96f8653b0bdb24cd5cc895e53d9afc940a34ab125c67e60e
  original:
    hackage: hgal-2.0.0.2@sha256:13d58afd0668b9cb881c612eff8488a0e289edd4bbffa893df4beee60cfeb73b,653
snapshots:
- completed:
    size: 524130
    url: https://raw.githubusercontent.com/commercialhaskell/stackage-snapshots/master/lts/14/10.yaml
    sha256: 04841e0397d7ce6364f19359fce89aa45ca8684609d665845db80d398002baa9
  original: lts-14.10
